
Microsoft Visual Studio Solution File, Format Version 12.00
# Visual Studio Version 17
VisualStudioVersion = 17.8.34330.188
MinimumVisualStudioVersion = 10.0.40219.1
Project("{8BC9CEB8-8B4A-11D0-8D11-00A0C91BC942}") = "3", "3.vcxproj", "{03BB30CB-A385-49C5-A4D1-E6C8CEE3133F}"
EndProject
Global
	GlobalSection(SolutionConfigurationPlatforms) = preSolution
		Debug|x64 = Debug|x64
		Debug|x86 = Debug|x86
		Release|x64 = Release|x64
		Release|x86 = Release|x86
	EndGlobalSection
	GlobalSection(ProjectConfigurationPlatforms) = postSolution
		{03BB30CB-A385-49C5-A4D1-E6C8CEE3133F}.Debug|x64.ActiveCfg = Debug|x64
		{03BB30CB-A385-49C5-A4D1-E6C8CEE3133F}.Debug|x64.Build.0 = Debug|x64
		{03BB30CB-A385-49C5-A4D1-E6C8CEE3133F}.Debug|x86.ActiveCfg = Debug|Win32
		{03BB30CB-A385-49C5-A4D1-E6C8CEE3133F}.Debug|x86.Build.0 = Debug|Win32
		{03BB30CB-A385-49C5-A4D1-E6C8CEE3133F}.Release|x64.ActiveCfg = Release|x64
		{03BB30CB-A385-49C5-A4D1-E6C8CEE3133F}.Release|x64.Build.0 = Release|x64
		{03BB30CB-A385-49C5-A4D1-E6C8CEE3133F}.Release|x86.ActiveCfg = Release|Win32
		{03BB30CB-A385-49C5-A4D1-E6C8CEE3133F}.Release|x86.Build.0 = Release|Win32
	EndGlobalSection
	GlobalSection(SolutionProperties) = preSolution
		HideSolutionNode = FALSE
	EndGlobalSection
	GlobalSection(ExtensibilityGlobals) = postSolution
		SolutionGuid = {40D321E1-34B4-4EDD-8F2F-708A5F15EEC4}
	EndGlobalSection
EndGlobal
